// !$*UTF8*$!
{
	archiveVersion = 1;
	classes = {
	};
	objectVersion = 52;
	objects = {

/* Begin PBXBuildFile section */
		214997572600F039001B294D /* Localizable.strings in Resources */ = {isa = PBXBuildFile; fileRef = 214997592600F039001B294D /* Localizable.strings */; };
		216E57252600ABD8004B9217 /* Neumorphic in Frameworks */ = {isa = PBXBuildFile; productRef = 216E57242600ABD8004B9217 /* Neumorphic */; };
		3EABB18D25FE6770007FCD66 /* DailyScrumTestSwiftUIAppApp.swift in Sources */ = {isa = PBXBuildFile; fileRef = 3EABB18C25FE6770007FCD66 /* DailyScrumTestSwiftUIAppApp.swift */; };
		3EABB18F25FE6770007FCD66 /* MeetingView.swift in Sources */ = {isa = PBXBuildFile; fileRef = 3EABB18E25FE6770007FCD66 /* MeetingView.swift */; };
		3EABB19125FE6775007FCD66 /* Assets.xcassets in Resources */ = {isa = PBXBuildFile; fileRef = 3EABB19025FE6775007FCD66 /* Assets.xcassets */; };
		3EABB19425FE6775007FCD66 /* Preview Assets.xcassets in Resources */ = {isa = PBXBuildFile; fileRef = 3EABB19325FE6775007FCD66 /* Preview Assets.xcassets */; };
		3EABB19E25FE69E8007FCD66 /* DailyScrum.swift in Sources */ = {isa = PBXBuildFile; fileRef = 3EABB19D25FE69E8007FCD66 /* DailyScrum.swift */; };
		3EABB1A125FE6A0C007FCD66 /* CardView.swift in Sources */ = {isa = PBXBuildFile; fileRef = 3EABB1A025FE6A0C007FCD66 /* CardView.swift */; };
		3EABB1A425FE6C42007FCD66 /* ScrumsView.swift in Sources */ = {isa = PBXBuildFile; fileRef = 3EABB1A325FE6C42007FCD66 /* ScrumsView.swift */; };
		3EABB1A725FE6F56007FCD66 /* DetailView.swift in Sources */ = {isa = PBXBuildFile; fileRef = 3EABB1A625FE6F56007FCD66 /* DetailView.swift */; };
		3EABB1AA25FE705E007FCD66 /* EditView.swift in Sources */ = {isa = PBXBuildFile; fileRef = 3EABB1A925FE705E007FCD66 /* EditView.swift */; };
		3EABB1AD25FFF62D007FCD66 /* MeetingHeaderView.swift in Sources */ = {isa = PBXBuildFile; fileRef = 3EABB1AC25FFF62D007FCD66 /* MeetingHeaderView.swift */; };
		3EABB1B025FFF6DA007FCD66 /* ScrumProgressViewStyle.swift in Sources */ = {isa = PBXBuildFile; fileRef = 3EABB1AF25FFF6DA007FCD66 /* ScrumProgressViewStyle.swift */; };
		3EABB1B325FFF73A007FCD66 /* Color+Codable.swift in Sources */ = {isa = PBXBuildFile; fileRef = 3EABB1B225FFF73A007FCD66 /* Color+Codable.swift */; };
		3EABB1B625FFF764007FCD66 /* ScrumTimer.swift in Sources */ = {isa = PBXBuildFile; fileRef = 3EABB1B525FFF764007FCD66 /* ScrumTimer.swift */; };
		3EABB1B925FFF840007FCD66 /* MeetingFooterView.swift in Sources */ = {isa = PBXBuildFile; fileRef = 3EABB1B825FFF840007FCD66 /* MeetingFooterView.swift */; };
		3EABB1BC25FFF98A007FCD66 /* AVPlayer+Ding.swift in Sources */ = {isa = PBXBuildFile; fileRef = 3EABB1BB25FFF98A007FCD66 /* AVPlayer+Ding.swift */; };
		3EABB1C025FFF9FA007FCD66 /* ding.wav in Resources */ = {isa = PBXBuildFile; fileRef = 3EABB1BF25FFF9FA007FCD66 /* ding.wav */; };
		3EABB1C325FFFBD0007FCD66 /* History.swift in Sources */ = {isa = PBXBuildFile; fileRef = 3EABB1C225FFFBD0007FCD66 /* History.swift */; };
		3EABB1C925FFFCEC007FCD66 /* ScrumData.swift in Sources */ = {isa = PBXBuildFile; fileRef = 3EABB1C825FFFCEC007FCD66 /* ScrumData.swift */; };
		3EABB1CC25FFFF24007FCD66 /* MeetingTimerView.swift in Sources */ = {isa = PBXBuildFile; fileRef = 3EABB1CB25FFFF24007FCD66 /* MeetingTimerView.swift */; };
		3EABB1CF2600012C007FCD66 /* SpeechRecognizer.swift in Sources */ = {isa = PBXBuildFile; fileRef = 3EABB1CE2600012C007FCD66 /* SpeechRecognizer.swift */; };
		3EABB1D226000324007FCD66 /* HistoryView.swift in Sources */ = {isa = PBXBuildFile; fileRef = 3EABB1D126000324007FCD66 /* HistoryView.swift */; };
/* End PBXBuildFile section */

/* Begin PBXFileReference section */
		214997582600F039001B294D /* en */ = {isa = PBXFileReference; lastKnownFileType = text.plist.strings; name = en; path = en.lproj/Localizable.strings; sourceTree = "<group>"; };
		2149975B2600F03D001B294D /* ru */ = {isa = PBXFileReference; lastKnownFileType = text.plist.strings; name = ru; path = ru.lproj/Localizable.strings; sourceTree = "<group>"; };
		3EABB18925FE6770007FCD66 /* DailyScrumTestSwiftUIApp.app */ = {isa = PBXFileReference; explicitFileType = wrapper.application; includeInIndex = 0; path = DailyScrumTestSwiftUIApp.app; sourceTree = BUILT_PRODUCTS_DIR; };
		3EABB18C25FE6770007FCD66 /* DailyScrumTestSwiftUIAppApp.swift */ = {isa = PBXFileReference; lastKnownFileType = sourcecode.swift; path = DailyScrumTestSwiftUIAppApp.swift; sourceTree = "<group>"; };
		3EABB18E25FE6770007FCD66 /* MeetingView.swift */ = {isa = PBXFileReference; lastKnownFileType = sourcecode.swift; path = MeetingView.swift; sourceTree = "<group>"; };
		3EABB19025FE6775007FCD66 /* Assets.xcassets */ = {isa = PBXFileReference; lastKnownFileType = folder.assetcatalog; path = Assets.xcassets; sourceTree = "<group>"; };
		3EABB19325FE6775007FCD66 /* Preview Assets.xcassets */ = {isa = PBXFileReference; lastKnownFileType = folder.assetcatalog; path = "Preview Assets.xcassets"; sourceTree = "<group>"; };
		3EABB19525FE6775007FCD66 /* Info.plist */ = {isa = PBXFileReference; lastKnownFileType = text.plist.xml; path = Info.plist; sourceTree = "<group>"; };
		3EABB19D25FE69E8007FCD66 /* DailyScrum.swift */ = {isa = PBXFileReference; lastKnownFileType = sourcecode.swift; path = DailyScrum.swift; sourceTree = "<group>"; };
		3EABB1A025FE6A0C007FCD66 /* CardView.swift */ = {isa = PBXFileReference; lastKnownFileType = sourcecode.swift; path = CardView.swift; sourceTree = "<group>"; };
		3EABB1A325FE6C42007FCD66 /* ScrumsView.swift */ = {isa = PBXFileReference; lastKnownFileType = sourcecode.swift; path = ScrumsView.swift; sourceTree = "<group>"; };
		3EABB1A625FE6F56007FCD66 /* DetailView.swift */ = {isa = PBXFileReference; lastKnownFileType = sourcecode.swift; path = DetailView.swift; sourceTree = "<group>"; };
		3EABB1A925FE705E007FCD66 /* EditView.swift */ = {isa = PBXFileReference; lastKnownFileType = sourcecode.swift; path = EditView.swift; sourceTree = "<group>"; };
		3EABB1AC25FFF62D007FCD66 /* MeetingHeaderView.swift */ = {isa = PBXFileReference; lastKnownFileType = sourcecode.swift; path = MeetingHeaderView.swift; sourceTree = "<group>"; };
		3EABB1AF25FFF6DA007FCD66 /* ScrumProgressViewStyle.swift */ = {isa = PBXFileReference; fileEncoding = 4; lastKnownFileType = sourcecode.swift; path = ScrumProgressViewStyle.swift; sourceTree = "<group>"; };
		3EABB1B225FFF73A007FCD66 /* Color+Codable.swift */ = {isa = PBXFileReference; fileEncoding = 4; lastKnownFileType = sourcecode.swift; path = "Color+Codable.swift"; sourceTree = "<group>"; };
		3EABB1B525FFF764007FCD66 /* ScrumTimer.swift */ = {isa = PBXFileReference; lastKnownFileType = sourcecode.swift; path = ScrumTimer.swift; sourceTree = "<group>"; };
		3EABB1B825FFF840007FCD66 /* MeetingFooterView.swift */ = {isa = PBXFileReference; lastKnownFileType = sourcecode.swift; path = MeetingFooterView.swift; sourceTree = "<group>"; };
		3EABB1BB25FFF98A007FCD66 /* AVPlayer+Ding.swift */ = {isa = PBXFileReference; fileEncoding = 4; lastKnownFileType = sourcecode.swift; path = "AVPlayer+Ding.swift"; sourceTree = "<group>"; };
		3EABB1BF25FFF9FA007FCD66 /* ding.wav */ = {isa = PBXFileReference; lastKnownFileType = audio.wav; path = ding.wav; sourceTree = "<group>"; };
		3EABB1C225FFFBD0007FCD66 /* History.swift */ = {isa = PBXFileReference; fileEncoding = 4; lastKnownFileType = sourcecode.swift; path = History.swift; sourceTree = "<group>"; };
		3EABB1C825FFFCEC007FCD66 /* ScrumData.swift */ = {isa = PBXFileReference; lastKnownFileType = sourcecode.swift; path = ScrumData.swift; sourceTree = "<group>"; };
		3EABB1CB25FFFF24007FCD66 /* MeetingTimerView.swift */ = {isa = PBXFileReference; lastKnownFileType = sourcecode.swift; path = MeetingTimerView.swift; sourceTree = "<group>"; };
		3EABB1CE2600012C007FCD66 /* SpeechRecognizer.swift */ = {isa = PBXFileReference; lastKnownFileType = sourcecode.swift; path = SpeechRecognizer.swift; sourceTree = "<group>"; };
		3EABB1D126000324007FCD66 /* HistoryView.swift */ = {isa = PBXFileReference; lastKnownFileType = sourcecode.swift; path = HistoryView.swift; sourceTree = "<group>"; };
/* End PBXFileReference section */

/* Begin PBXFrameworksBuildPhase section */
		3EABB18625FE6770007FCD66 /* Frameworks */ = {
			isa = PBXFrameworksBuildPhase;
			buildActionMask = 2147483647;
			files = (
				216E57252600ABD8004B9217 /* Neumorphic in Frameworks */,
			);
			runOnlyForDeploymentPostprocessing = 0;
		};
/* End PBXFrameworksBuildPhase section */

/* Begin PBXGroup section */
		3EABB18025FE6770007FCD66 = {
			isa = PBXGroup;
			children = (
				3EABB18B25FE6770007FCD66 /* DailyScrumTestSwiftUIApp */,
				3EABB18A25FE6770007FCD66 /* Products */,
			);
			sourceTree = "<group>";
		};
		3EABB18A25FE6770007FCD66 /* Products */ = {
			isa = PBXGroup;
			children = (
				3EABB18925FE6770007FCD66 /* DailyScrumTestSwiftUIApp.app */,
			);
			name = Products;
			sourceTree = "<group>";
		};
		3EABB18B25FE6770007FCD66 /* DailyScrumTestSwiftUIApp */ = {
			isa = PBXGroup;
			children = (
				3EABB1C725FFFCB1007FCD66 /* Extensions */,
				3EABB1C525FFFC56007FCD66 /* Views */,
				3EABB1C625FFFC90007FCD66 /* Models */,
				3EABB19025FE6775007FCD66 /* Assets.xcassets */,
				3EABB18C25FE6770007FCD66 /* DailyScrumTestSwiftUIAppApp.swift */,
				3EABB19525FE6775007FCD66 /* Info.plist */,
				3EABB19225FE6775007FCD66 /* Preview Content */,
				3EABB1BE25FFF9FA007FCD66 /* Resources */,
				214997592600F039001B294D /* Localizable.strings */,
			);
			path = DailyScrumTestSwiftUIApp;
			sourceTree = "<group>";
		};
		3EABB19225FE6775007FCD66 /* Preview Content */ = {
			isa = PBXGroup;
			children = (
				3EABB19325FE6775007FCD66 /* Preview Assets.xcassets */,
			);
			path = "Preview Content";
			sourceTree = "<group>";
		};
		3EABB1BE25FFF9FA007FCD66 /* Resources */ = {
			isa = PBXGroup;
			children = (
				3EABB1BF25FFF9FA007FCD66 /* ding.wav */,
			);
			path = Resources;
			sourceTree = "<group>";
		};
		3EABB1C525FFFC56007FCD66 /* Views */ = {
			isa = PBXGroup;
			children = (
				3EABB1A025FE6A0C007FCD66 /* CardView.swift */,
				3EABB1A625FE6F56007FCD66 /* DetailView.swift */,
				3EABB1A925FE705E007FCD66 /* EditView.swift */,
				3EABB1B825FFF840007FCD66 /* MeetingFooterView.swift */,
				3EABB1AC25FFF62D007FCD66 /* MeetingHeaderView.swift */,
				3EABB18E25FE6770007FCD66 /* MeetingView.swift */,
				3EABB1AF25FFF6DA007FCD66 /* ScrumProgressViewStyle.swift */,
				3EABB1A325FE6C42007FCD66 /* ScrumsView.swift */,
				3EABB1CB25FFFF24007FCD66 /* MeetingTimerView.swift */,
				3EABB1D126000324007FCD66 /* HistoryView.swift */,
			);
			path = Views;
			sourceTree = "<group>";
		};
		3EABB1C625FFFC90007FCD66 /* Models */ = {
			isa = PBXGroup;
			children = (
				3EABB1B525FFF764007FCD66 /* ScrumTimer.swift */,
				3EABB19D25FE69E8007FCD66 /* DailyScrum.swift */,
				3EABB1C825FFFCEC007FCD66 /* ScrumData.swift */,
				3EABB1C225FFFBD0007FCD66 /* History.swift */,
				3EABB1CE2600012C007FCD66 /* SpeechRecognizer.swift */,
			);
			path = Models;
			sourceTree = "<group>";
		};
		3EABB1C725FFFCB1007FCD66 /* Extensions */ = {
			isa = PBXGroup;
			children = (
				3EABB1BB25FFF98A007FCD66 /* AVPlayer+Ding.swift */,
				3EABB1B225FFF73A007FCD66 /* Color+Codable.swift */,
			);
			path = Extensions;
			sourceTree = "<group>";
		};
/* End PBXGroup section */

/* Begin PBXNativeTarget section */
		3EABB18825FE6770007FCD66 /* DailyScrumTestSwiftUIApp */ = {
			isa = PBXNativeTarget;
			buildConfigurationList = 3EABB19825FE6775007FCD66 /* Build configuration list for PBXNativeTarget "DailyScrumTestSwiftUIApp" */;
			buildPhases = (
				3EABB18525FE6770007FCD66 /* Sources */,
				3EABB18625FE6770007FCD66 /* Frameworks */,
				3EABB18725FE6770007FCD66 /* Resources */,
			);
			buildRules = (
			);
			dependencies = (
			);
			name = DailyScrumTestSwiftUIApp;
			packageProductDependencies = (
				216E57242600ABD8004B9217 /* Neumorphic */,
			);
			productName = DailyScrumTestSwiftUIApp;
			productReference = 3EABB18925FE6770007FCD66 /* DailyScrumTestSwiftUIApp.app */;
			productType = "com.apple.product-type.application";
		};
/* End PBXNativeTarget section */

/* Begin PBXProject section */
		3EABB18125FE6770007FCD66 /* Project object */ = {
			isa = PBXProject;
			attributes = {
				LastSwiftUpdateCheck = 1230;
				LastUpgradeCheck = 1230;
				TargetAttributes = {
					3EABB18825FE6770007FCD66 = {
						CreatedOnToolsVersion = 12.3;
					};
				};
			};
			buildConfigurationList = 3EABB18425FE6770007FCD66 /* Build configuration list for PBXProject "DailyScrumTestSwiftUIApp" */;
			compatibilityVersion = "Xcode 9.3";
			developmentRegion = en;
			hasScannedForEncodings = 0;
			knownRegions = (
				en,
				Base,
				ru,
			);
			mainGroup = 3EABB18025FE6770007FCD66;
			packageReferences = (
				216E57232600ABD8004B9217 /* XCRemoteSwiftPackageReference "neumorphic" */,
			);
			productRefGroup = 3EABB18A25FE6770007FCD66 /* Products */;
			projectDirPath = "";
			projectRoot = "";
			targets = (
				3EABB18825FE6770007FCD66 /* DailyScrumTestSwiftUIApp */,
			);
		};
/* End PBXProject section */

/* Begin PBXResourcesBuildPhase section */
		3EABB18725FE6770007FCD66 /* Resources */ = {
			isa = PBXResourcesBuildPhase;
			buildActionMask = 2147483647;
			files = (
				3EABB1C025FFF9FA007FCD66 /* ding.wav in Resources */,
				214997572600F039001B294D /* Localizable.strings in Resources */,
				3EABB19425FE6775007FCD66 /* Preview Assets.xcassets in Resources */,
				3EABB19125FE6775007FCD66 /* Assets.xcassets in Resources */,
			);
			runOnlyForDeploymentPostprocessing = 0;
		};
/* End PBXResourcesBuildPhase section */

/* Begin PBXSourcesBuildPhase section */
		3EABB18525FE6770007FCD66 /* Sources */ = {
			isa = PBXSourcesBuildPhase;
			buildActionMask = 2147483647;
			files = (
				3EABB18F25FE6770007FCD66 /* MeetingView.swift in Sources */,
				3EABB1A725FE6F56007FCD66 /* DetailView.swift in Sources */,
				3EABB1C325FFFBD0007FCD66 /* History.swift in Sources */,
				3EABB1CF2600012C007FCD66 /* SpeechRecognizer.swift in Sources */,
				3EABB19E25FE69E8007FCD66 /* DailyScrum.swift in Sources */,
				3EABB1BC25FFF98A007FCD66 /* AVPlayer+Ding.swift in Sources */,
				3EABB1C925FFFCEC007FCD66 /* ScrumData.swift in Sources */,
				3EABB1D226000324007FCD66 /* HistoryView.swift in Sources */,
				3EABB1CC25FFFF24007FCD66 /* MeetingTimerView.swift in Sources */,
				3EABB1A125FE6A0C007FCD66 /* CardView.swift in Sources */,
				3EABB1AA25FE705E007FCD66 /* EditView.swift in Sources */,
				3EABB1B925FFF840007FCD66 /* MeetingFooterView.swift in Sources */,
				3EABB1A425FE6C42007FCD66 /* ScrumsView.swift in Sources */,
				3EABB1B625FFF764007FCD66 /* ScrumTimer.swift in Sources */,
				3EABB18D25FE6770007FCD66 /* DailyScrumTestSwiftUIAppApp.swift in Sources */,
				3EABB1AD25FFF62D007FCD66 /* MeetingHeaderView.swift in Sources */,
				3EABB1B325FFF73A007FCD66 /* Color+Codable.swift in Sources */,
				3EABB1B025FFF6DA007FCD66 /* ScrumProgressViewStyle.swift in Sources */,
			);
			runOnlyForDeploymentPostprocessing = 0;
		};
/* End PBXSourcesBuildPhase section */

/* Begin PBXVariantGroup section */
		214997592600F039001B294D /* Localizable.strings */ = {
			isa = PBXVariantGroup;
			children = (
				214997582600F039001B294D /* en */,
				2149975B2600F03D001B294D /* ru */,
			);
			name = Localizable.strings;
			sourceTree = "<group>";
		};
/* End PBXVariantGroup section */

/* Begin XCBuildConfiguration section */
		3EABB19625FE6775007FCD66 /* Debug */ = {
			isa = XCBuildConfiguration;
			buildSettings = {
				ALWAYS_SEARCH_USER_PATHS = NO;
				CLANG_ANALYZER_NONNULL = YES;
				CLANG_ANALYZER_NUMBER_OBJECT_CONVERSION = YES_AGGRESSIVE;
				CLANG_CXX_LANGUAGE_STANDARD = "gnu++14";
				CLANG_CXX_LIBRARY = "libc++";
				CLANG_ENABLE_MODULES = YES;
				CLANG_ENABLE_OBJC_ARC = YES;
				CLANG_ENABLE_OBJC_WEAK = YES;
				CLANG_WARN_BLOCK_CAPTURE_AUTORELEASING = YES;
				CLANG_WARN_BOOL_CONVERSION = YES;
				CLANG_WARN_COMMA = YES;
				CLANG_WARN_CONSTANT_CONVERSION = YES;
				CLANG_WARN_DEPRECATED_OBJC_IMPLEMENTATIONS = YES;
				CLANG_WARN_DIRECT_OBJC_ISA_USAGE = YES_ERROR;
				CLANG_WARN_DOCUMENTATION_COMMENTS = YES;
				CLANG_WARN_EMPTY_BODY = YES;
				CLANG_WARN_ENUM_CONVERSION = YES;
				CLANG_WARN_INFINITE_RECURSION = YES;
				CLANG_WARN_INT_CONVERSION = YES;
				CLANG_WARN_NON_LITERAL_NULL_CONVERSION = YES;
				CLANG_WARN_OBJC_IMPLICIT_RETAIN_SELF = YES;
				CLANG_WARN_OBJC_LITERAL_CONVERSION = YES;
				CLANG_WARN_OBJC_ROOT_CLASS = YES_ERROR;
				CLANG_WARN_QUOTED_INCLUDE_IN_FRAMEWORK_HEADER = YES;
				CLANG_WARN_RANGE_LOOP_ANALYSIS = YES;
				CLANG_WARN_STRICT_PROTOTYPES = YES;
				CLANG_WARN_SUSPICIOUS_MOVE = YES;
				CLANG_WARN_UNGUARDED_AVAILABILITY = YES_AGGRESSIVE;
				CLANG_WARN_UNREACHABLE_CODE = YES;
				CLANG_WARN__DUPLICATE_METHOD_MATCH = YES;
				COPY_PHASE_STRIP = NO;
				DEBUG_INFORMATION_FORMAT = dwarf;
				ENABLE_STRICT_OBJC_MSGSEND = YES;
				ENABLE_TESTABILITY = YES;
				GCC_C_LANGUAGE_STANDARD = gnu11;
				GCC_DYNAMIC_NO_PIC = NO;
				GCC_NO_COMMON_BLOCKS = YES;
				GCC_OPTIMIZATION_LEVEL = 0;
				GCC_PREPROCESSOR_DEFINITIONS = (
					"DEBUG=1",
					"$(inherited)",
				);
				GCC_WARN_64_TO_32_BIT_CONVERSION = YES;
				GCC_WARN_ABOUT_RETURN_TYPE = YES_ERROR;
				GCC_WARN_UNDECLARED_SELECTOR = YES;
				GCC_WARN_UNINITIALIZED_AUTOS = YES_AGGRESSIVE;
				GCC_WARN_UNUSED_FUNCTION = YES;
				GCC_WARN_UNUSED_VARIABLE = YES;
				IPHONEOS_DEPLOYMENT_TARGET = 14.3;
				MTL_ENABLE_DEBUG_INFO = INCLUDE_SOURCE;
				MTL_FAST_MATH = YES;
				ONLY_ACTIVE_ARCH = YES;
				SDKROOT = iphoneos;
				SWIFT_ACTIVE_COMPILATION_CONDITIONS = DEBUG;
				SWIFT_OPTIMIZATION_LEVEL = "-Onone";
			};
			name = Debug;
		};
		3EABB19725FE6775007FCD66 /* Release */ = {
			isa = XCBuildConfiguration;
			buildSettings = {
				ALWAYS_SEARCH_USER_PATHS = NO;
				CLANG_ANALYZER_NONNULL = YES;
				CLANG_ANALYZER_NUMBER_OBJECT_CONVERSION = YES_AGGRESSIVE;
				CLANG_CXX_LANGUAGE_STANDARD = "gnu++14";
				CLANG_CXX_LIBRARY = "libc++";
				CLANG_ENABLE_MODULES = YES;
				CLANG_ENABLE_OBJC_ARC = YES;
				CLANG_ENABLE_OBJC_WEAK = YES;
				CLANG_WARN_BLOCK_CAPTURE_AUTORELEASING = YES;
				CLANG_WARN_BOOL_CONVERSION = YES;
				CLANG_WARN_COMMA = YES;
				CLANG_WARN_CONSTANT_CONVERSION = YES;
				CLANG_WARN_DEPRECATED_OBJC_IMPLEMENTATIONS = YES;
				CLANG_WARN_DIRECT_OBJC_ISA_USAGE = YES_ERROR;
				CLANG_WARN_DOCUMENTATION_COMMENTS = YES;
				CLANG_WARN_EMPTY_BODY = YES;
				CLANG_WARN_ENUM_CONVERSION = YES;
				CLANG_WARN_INFINITE_RECURSION = YES;
				CLANG_WARN_INT_CONVERSION = YES;
				CLANG_WARN_NON_LITERAL_NULL_CONVERSION = YES;
				CLANG_WARN_OBJC_IMPLICIT_RETAIN_SELF = YES;
				CLANG_WARN_OBJC_LITERAL_CONVERSION = YES;
				CLANG_WARN_OBJC_ROOT_CLASS = YES_ERROR;
				CLANG_WARN_QUOTED_INCLUDE_IN_FRAMEWORK_HEADER = YES;
				CLANG_WARN_RANGE_LOOP_ANALYSIS = YES;
				CLANG_WARN_STRICT_PROTOTYPES = YES;
				CLANG_WARN_SUSPICIOUS_MOVE = YES;
				CLANG_WARN_UNGUARDED_AVAILABILITY = YES_AGGRESSIVE;
				CLANG_WARN_UNREACHABLE_CODE = YES;
				CLANG_WARN__DUPLICATE_METHOD_MATCH = YES;
				COPY_PHASE_STRIP = NO;
				DEBUG_INFORMATION_FORMAT = "dwarf-with-dsym";
				ENABLE_NS_ASSERTIONS = NO;
				ENABLE_STRICT_OBJC_MSGSEND = YES;
				GCC_C_LANGUAGE_STANDARD = gnu11;
				GCC_NO_COMMON_BLOCKS = YES;
				GCC_WARN_64_TO_32_BIT_CONVERSION = YES;
				GCC_WARN_ABOUT_RETURN_TYPE = YES_ERROR;
				GCC_WARN_UNDECLARED_SELECTOR = YES;
				GCC_WARN_UNINITIALIZED_AUTOS = YES_AGGRESSIVE;
				GCC_WARN_UNUSED_FUNCTION = YES;
				GCC_WARN_UNUSED_VARIABLE = YES;
				IPHONEOS_DEPLOYMENT_TARGET = 14.3;
				MTL_ENABLE_DEBUG_INFO = NO;
				MTL_FAST_MATH = YES;
				SDKROOT = iphoneos;
				SWIFT_COMPILATION_MODE = wholemodule;
				SWIFT_OPTIMIZATION_LEVEL = "-O";
				VALIDATE_PRODUCT = YES;
			};
			name = Release;
		};
		3EABB19925FE6775007FCD66 /* Debug */ = {
			isa = XCBuildConfiguration;
			buildSettings = {
				ASSETCATALOG_COMPILER_APPICON_NAME = AppIcon;
				ASSETCATALOG_COMPILER_GLOBAL_ACCENT_COLOR_NAME = AccentColor;
				CODE_SIGN_STYLE = Automatic;
				DEVELOPMENT_ASSET_PATHS = "\"DailyScrumTestSwiftUIApp/Preview Content\"";
				DEVELOPMENT_TEAM = 274RF4F6D5;
				ENABLE_PREVIEWS = YES;
				INFOPLIST_FILE = DailyScrumTestSwiftUIApp/Info.plist;
				IPHONEOS_DEPLOYMENT_TARGET = 14.0;
				LD_RUNPATH_SEARCH_PATHS = (
					"$(inherited)",
					"@executable_path/Frameworks",
				);
				PRODUCT_BUNDLE_IDENTIFIER = com.maxches.DailyScrumTestSwiftUIApp;
				PRODUCT_NAME = "$(TARGET_NAME)";
				SWIFT_VERSION = 5.0;
				TARGETED_DEVICE_FAMILY = "1,2";
			};
			name = Debug;
		};
		3EABB19A25FE6775007FCD66 /* Release */ = {
			isa = XCBuildConfiguration;
			buildSettings = {
				ASSETCATALOG_COMPILER_APPICON_NAME = AppIcon;
				ASSETCATALOG_COMPILER_GLOBAL_ACCENT_COLOR_NAME = AccentColor;
				CODE_SIGN_STYLE = Automatic;
				DEVELOPMENT_ASSET_PATHS = "\"DailyScrumTestSwiftUIApp/Preview Content\"";
				DEVELOPMENT_TEAM = 274RF4F6D5;
				ENABLE_PREVIEWS = YES;
				INFOPLIST_FILE = DailyScrumTestSwiftUIApp/Info.plist;
				IPHONEOS_DEPLOYMENT_TARGET = 14.0;
				LD_RUNPATH_SEARCH_PATHS = (
					"$(inherited)",
					"@executable_path/Frameworks",
				);
				PRODUCT_BUNDLE_IDENTIFIER = com.maxches.DailyScrumTestSwiftUIApp;
				PRODUCT_NAME = "$(TARGET_NAME)";
				SWIFT_VERSION = 5.0;
				TARGETED_DEVICE_FAMILY = "1,2";
			};
			name = Release;
		};
/* End XCBuildConfiguration section */

/* Begin XCConfigurationList section */
		3EABB18425FE6770007FCD66 /* Build configuration list for PBXProject "DailyScrumTestSwiftUIApp" */ = {
			isa = XCConfigurationList;
			buildConfigurations = (
				3EABB19625FE6775007FCD66 /* Debug */,
				3EABB19725FE6775007FCD66 /* Release */,
			);
			defaultConfigurationIsVisible = 0;
			defaultConfigurationName = Release;
		};
		3EABB19825FE6775007FCD66 /* Build configuration list for PBXNativeTarget "DailyScrumTestSwiftUIApp" */ = {
			isa = XCConfigurationList;
			buildConfigurations = (
				3EABB19925FE6775007FCD66 /* Debug */,
				3EABB19A25FE6775007FCD66 /* Release */,
			);
			defaultConfigurationIsVisible = 0;
			defaultConfigurationName = Release;
		};
/* End XCConfigurationList section */

/* Begin XCRemoteSwiftPackageReference section */
		216E57232600ABD8004B9217 /* XCRemoteSwiftPackageReference "neumorphic" */ = {
			isa = XCRemoteSwiftPackageReference;
			repositoryURL = "https://github.com/costachung/neumorphic";
			requirement = {
				kind = upToNextMajorVersion;
				minimumVersion = 2.0.5;
			};
		};
/* End XCRemoteSwiftPackageReference section */

/* Begin XCSwiftPackageProductDependency section */
		216E57242600ABD8004B9217 /* Neumorphic */ = {
			isa = XCSwiftPackageProductDependency;
			package = 216E57232600ABD8004B9217 /* XCRemoteSwiftPackageReference "neumorphic" */;
			productName = Neumorphic;
		};
/* End XCSwiftPackageProductDependency section */
	};
	rootObject = 3EABB18125FE6770007FCD66 /* Project object */;
}
